// !$*UTF8*$!
{
	archiveVersion = 1;
	classes = {
	};
	objectVersion = 46;
	objects = {

/* Begin PBXBuildFile section */
		2ACCB6521C6A8B5900082105 /* AppDelegate.swift in Sources */ = {isa = PBXBuildFile; fileRef = 2ACCB6511C6A8B5900082105 /* AppDelegate.swift */; };
		2ACCB6541C6A8B5900082105 /* ViewController.swift in Sources */ = {isa = PBXBuildFile; fileRef = 2ACCB6531C6A8B5900082105 /* ViewController.swift */; };
		2ACCB6571C6A8B5900082105 /* Main.storyboard in Resources */ = {isa = PBXBuildFile; fileRef = 2ACCB6551C6A8B5900082105 /* Main.storyboard */; };
		2ACCB6591C6A8B5900082105 /* Assets.xcassets in Resources */ = {isa = PBXBuildFile; fileRef = 2ACCB6581C6A8B5900082105 /* Assets.xcassets */; };
		2ACCB65C1C6A8B5900082105 /* LaunchScreen.storyboard in Resources */ = {isa = PBXBuildFile; fileRef = 2ACCB65A1C6A8B5900082105 /* LaunchScreen.storyboard */; };
		2ACCB6671C6A8B5900082105 /* PhotoFiltersTests.swift in Sources */ = {isa = PBXBuildFile; fileRef = 2ACCB6661C6A8B5900082105 /* PhotoFiltersTests.swift */; };
		2ACCB6721C6A8B5900082105 /* PhotoFiltersUITests.swift in Sources */ = {isa = PBXBuildFile; fileRef = 2ACCB6711C6A8B5900082105 /* PhotoFiltersUITests.swift */; };
		2ACCB6801C6A8C4400082105 /* silicon-valley.png in Resources */ = {isa = PBXBuildFile; fileRef = 2ACCB67F1C6A8C4400082105 /* silicon-valley.png */; };
/* End PBXBuildFile section */

/* Begin PBXContainerItemProxy section */
		2ACCB6631C6A8B5900082105 /* PBXContainerItemProxy */ = {
			isa = PBXContainerItemProxy;
			containerPortal = 2ACCB6461C6A8B5900082105 /* Project object */;
			proxyType = 1;
			remoteGlobalIDString = 2ACCB64D1C6A8B5900082105;
			remoteInfo = PhotoFilters;
		};
		2ACCB66E1C6A8B5900082105 /* PBXContainerItemProxy */ = {
			isa = PBXContainerItemProxy;
			containerPortal = 2ACCB6461C6A8B5900082105 /* Project object */;
			proxyType = 1;
			remoteGlobalIDString = 2ACCB64D1C6A8B5900082105;
			remoteInfo = PhotoFilters;
		};
/* End PBXContainerItemProxy section */

/* Begin PBXFileReference section */
		2ACCB64E1C6A8B5900082105 /* PhotoFilters.app */ = {isa = PBXFileReference; explicitFileType = wrapper.application; includeInIndex = 0; path = PhotoFilters.app; sourceTree = BUILT_PRODUCTS_DIR; };
		2ACCB6511C6A8B5900082105 /* AppDelegate.swift */ = {isa = PBXFileReference; lastKnownFileType = sourcecode.swift; path = AppDelegate.swift; sourceTree = "<group>"; };
		2ACCB6531C6A8B5900082105 /* ViewController.swift */ = {isa = PBXFileReference; lastKnownFileType = sourcecode.swift; path = ViewController.swift; sourceTree = "<group>"; };
		2ACCB6561C6A8B5900082105 /* Base */ = {isa = PBXFileReference; lastKnownFileType = file.storyboard; name = Base; path = Base.lproj/Main.storyboard; sourceTree = "<group>"; };
		2ACCB6581C6A8B5900082105 /* Assets.xcassets */ = {isa = PBXFileReference; lastKnownFileType = folder.assetcatalog; path = Assets.xcassets; sourceTree = "<group>"; };
		2ACCB65B1C6A8B5900082105 /* Base */ = {isa = PBXFileReference; lastKnownFileType = file.storyboard; name = Base; path = Base.lproj/LaunchScreen.storyboard; sourceTree = "<group>"; };
		2ACCB65D1C6A8B5900082105 /* Info.plist */ = {isa = PBXFileReference; lastKnownFileType = text.plist.xml; path = Info.plist; sourceTree = "<group>"; };
		2ACCB6621C6A8B5900082105 /* PhotoFiltersTests.xctest */ = {isa = PBXFileReference; explicitFileType = wrapper.cfbundle; includeInIndex = 0; path = PhotoFiltersTests.xctest; sourceTree = BUILT_PRODUCTS_DIR; };
		2ACCB6661C6A8B5900082105 /* PhotoFiltersTests.swift */ = {isa = PBXFileReference; lastKnownFileType = sourcecode.swift; path = PhotoFiltersTests.swift; sourceTree = "<group>"; };
		2ACCB6681C6A8B5900082105 /* Info.plist */ = {isa = PBXFileReference; lastKnownFileType = text.plist.xml; path = Info.plist; sourceTree = "<group>"; };
		2ACCB66D1C6A8B5900082105 /* PhotoFiltersUITests.xctest */ = {isa = PBXFileReference; explicitFileType = wrapper.cfbundle; includeInIndex = 0; path = PhotoFiltersUITests.xctest; sourceTree = BUILT_PRODUCTS_DIR; };
		2ACCB6711C6A8B5900082105 /* PhotoFiltersUITests.swift */ = {isa = PBXFileReference; lastKnownFileType = sourcecode.swift; path = PhotoFiltersUITests.swift; sourceTree = "<group>"; };
		2ACCB6731C6A8B5900082105 /* Info.plist */ = {isa = PBXFileReference; lastKnownFileType = text.plist.xml; path = Info.plist; sourceTree = "<group>"; };
		2ACCB67F1C6A8C4400082105 /* silicon-valley.png */ = {isa = PBXFileReference; lastKnownFileType = image.png; name = "silicon-valley.png"; path = "../../../Pictures/silicon-valley.png"; sourceTree = "<group>"; };
/* End PBXFileReference section */

/* Begin PBXFrameworksBuildPhase section */
		2ACCB64B1C6A8B5900082105 /* Frameworks */ = {
			isa = PBXFrameworksBuildPhase;
			buildActionMask = 2147483647;
			files = (
			);
			runOnlyForDeploymentPostprocessing = 0;
		};
		2ACCB65F1C6A8B5900082105 /* Frameworks */ = {
			isa = PBXFrameworksBuildPhase;
			buildActionMask = 2147483647;
			files = (
			);
			runOnlyForDeploymentPostprocessing = 0;
		};
		2ACCB66A1C6A8B5900082105 /* Frameworks */ = {
			isa = PBXFrameworksBuildPhase;
			buildActionMask = 2147483647;
			files = (
			);
			runOnlyForDeploymentPostprocessing = 0;
		};
/* End PBXFrameworksBuildPhase section */

/* Begin PBXGroup section */
		2ACCB6451C6A8B5900082105 = {
			isa = PBXGroup;
			children = (
				2ACCB6501C6A8B5900082105 /* PhotoFilters */,
				2ACCB6651C6A8B5900082105 /* PhotoFiltersTests */,
				2ACCB6701C6A8B5900082105 /* PhotoFiltersUITests */,
				2ACCB64F1C6A8B5900082105 /* Products */,
			);
			sourceTree = "<group>";
		};
		2ACCB64F1C6A8B5900082105 /* Products */ = {
			isa = PBXGroup;
			children = (
				2ACCB64E1C6A8B5900082105 /* PhotoFilters.app */,
				2ACCB6621C6A8B5900082105 /* PhotoFiltersTests.xctest */,
				2ACCB66D1C6A8B5900082105 /* PhotoFiltersUITests.xctest */,
			);
			name = Products;
			sourceTree = "<group>";
		};
		2ACCB6501C6A8B5900082105 /* PhotoFilters */ = {
			isa = PBXGroup;
			children = (
				2ACCB67F1C6A8C4400082105 /* silicon-valley.png */,
				2ACCB6511C6A8B5900082105 /* AppDelegate.swift */,
				2ACCB6531C6A8B5900082105 /* ViewController.swift */,
				2ACCB6551C6A8B5900082105 /* Main.storyboard */,
				2ACCB6581C6A8B5900082105 /* Assets.xcassets */,
				2ACCB65A1C6A8B5900082105 /* LaunchScreen.storyboard */,
				2ACCB65D1C6A8B5900082105 /* Info.plist */,
			);
			path = PhotoFilters;
			sourceTree = "<group>";
		};
		2ACCB6651C6A8B5900082105 /* PhotoFiltersTests */ = {
			isa = PBXGroup;
			children = (
				2ACCB6661C6A8B5900082105 /* PhotoFiltersTests.swift */,
				2ACCB6681C6A8B5900082105 /* Info.plist */,
			);
			path = PhotoFiltersTests;
			sourceTree = "<group>";
		};
		2ACCB6701C6A8B5900082105 /* PhotoFiltersUITests */ = {
			isa = PBXGroup;
			children = (
				2ACCB6711C6A8B5900082105 /* PhotoFiltersUITests.swift */,
				2ACCB6731C6A8B5900082105 /* Info.plist */,
			);
			path = PhotoFiltersUITests;
			sourceTree = "<group>";
		};
/* End PBXGroup section */

/* Begin PBXNativeTarget section */
		2ACCB64D1C6A8B5900082105 /* PhotoFilters */ = {
			isa = PBXNativeTarget;
			buildConfigurationList = 2ACCB6761C6A8B5900082105 /* Build configuration list for PBXNativeTarget "PhotoFilters" */;
			buildPhases = (
				2ACCB64A1C6A8B5900082105 /* Sources */,
				2ACCB64B1C6A8B5900082105 /* Frameworks */,
				2ACCB64C1C6A8B5900082105 /* Resources */,
			);
			buildRules = (
			);
			dependencies = (
			);
			name = PhotoFilters;
			productName = PhotoFilters;
			productReference = 2ACCB64E1C6A8B5900082105 /* PhotoFilters.app */;
			productType = "com.apple.product-type.application";
		};
		2ACCB6611C6A8B5900082105 /* PhotoFiltersTests */ = {
			isa = PBXNativeTarget;
			buildConfigurationList = 2ACCB6791C6A8B5900082105 /* Build configuration list for PBXNativeTarget "PhotoFiltersTests" */;
			buildPhases = (
				2ACCB65E1C6A8B5900082105 /* Sources */,
				2ACCB65F1C6A8B5900082105 /* Frameworks */,
				2ACCB6601C6A8B5900082105 /* Resources */,
			);
			buildRules = (
			);
			dependencies = (
				2ACCB6641C6A8B5900082105 /* PBXTargetDependency */,
			);
			name = PhotoFiltersTests;
			productName = PhotoFiltersTests;
			productReference = 2ACCB6621C6A8B5900082105 /* PhotoFiltersTests.xctest */;
			productType = "com.apple.product-type.bundle.unit-test";
		};
		2ACCB66C1C6A8B5900082105 /* PhotoFiltersUITests */ = {
			isa = PBXNativeTarget;
			buildConfigurationList = 2ACCB67C1C6A8B5900082105 /* Build configuration list for PBXNativeTarget "PhotoFiltersUITests" */;
			buildPhases = (
				2ACCB6691C6A8B5900082105 /* Sources */,
				2ACCB66A1C6A8B5900082105 /* Frameworks */,
				2ACCB66B1C6A8B5900082105 /* Resources */,
			);
			buildRules = (
			);
			dependencies = (
				2ACCB66F1C6A8B5900082105 /* PBXTargetDependency */,
			);
			name = PhotoFiltersUITests;
			productName = PhotoFiltersUITests;
			productReference = 2ACCB66D1C6A8B5900082105 /* PhotoFiltersUITests.xctest */;
			productType = "com.apple.product-type.bundle.ui-testing";
		};
/* End PBXNativeTarget section */

/* Begin PBXProject section */
		2ACCB6461C6A8B5900082105 /* Project object */ = {
			isa = PBXProject;
			attributes = {
				LastSwiftUpdateCheck = 0720;
				LastUpgradeCheck = 0720;
				ORGANIZATIONNAME = "LAB-INTERFACES";
				TargetAttributes = {
					2ACCB64D1C6A8B5900082105 = {
						CreatedOnToolsVersion = 7.2.1;
						DevelopmentTeam = 9FC6ZD25GC;
					};
					2ACCB6611C6A8B5900082105 = {
						CreatedOnToolsVersion = 7.2.1;
						DevelopmentTeam = 9FC6ZD25GC;
						TestTargetID = 2ACCB64D1C6A8B5900082105;
					};
					2ACCB66C1C6A8B5900082105 = {
						CreatedOnToolsVersion = 7.2.1;
						DevelopmentTeam = 9FC6ZD25GC;
						TestTargetID = 2ACCB64D1C6A8B5900082105;
					};
				};
			};
			buildConfigurationList = 2ACCB6491C6A8B5900082105 /* Build configuration list for PBXProject "PhotoFilters" */;
			compatibilityVersion = "Xcode 3.2";
			developmentRegion = English;
			hasScannedForEncodings = 0;
			knownRegions = (
				en,
				Base,
			);
			mainGroup = 2ACCB6451C6A8B5900082105;
			productRefGroup = 2ACCB64F1C6A8B5900082105 /* Products */;
			projectDirPath = "";
			projectRoot = "";
			targets = (
				2ACCB64D1C6A8B5900082105 /* PhotoFilters */,
				2ACCB6611C6A8B5900082105 /* PhotoFiltersTests */,
				2ACCB66C1C6A8B5900082105 /* PhotoFiltersUITests */,
			);
		};
/* End PBXProject section */

/* Begin PBXResourcesBuildPhase section */
		2ACCB64C1C6A8B5900082105 /* Resources */ = {
			isa = PBXResourcesBuildPhase;
			buildActionMask = 2147483647;
			files = (
				2ACCB6801C6A8C4400082105 /* silicon-valley.png in Resources */,
				2ACCB65C1C6A8B5900082105 /* LaunchScreen.storyboard in Resources */,
				2ACCB6591C6A8B5900082105 /* Assets.xcassets in Resources */,
				2ACCB6571C6A8B5900082105 /* Main.storyboard in Resources */,
			);
			runOnlyForDeploymentPostprocessing = 0;
		};
		2ACCB6601C6A8B5900082105 /* Resources */ = {
			isa = PBXResourcesBuildPhase;
			buildActionMask = 2147483647;
			files = (
			);
			runOnlyForDeploymentPostprocessing = 0;
		};
		2ACCB66B1C6A8B5900082105 /* Resources */ = {
			isa = PBXResourcesBuildPhase;
			buildActionMask = 2147483647;
			files = (
			);
			runOnlyForDeploymentPostprocessing = 0;
		};
/* End PBXResourcesBuildPhase section */

/* Begin PBXSourcesBuildPhase section */
		2ACCB64A1C6A8B5900082105 /* Sources */ = {
			isa = PBXSourcesBuildPhase;
			buildActionMask = 2147483647;
			files = (
				2ACCB6541C6A8B5900082105 /* ViewController.swift in Sources */,
				2ACCB6521C6A8B5900082105 /* AppDelegate.swift in Sources */,
			);
			runOnlyForDeploymentPostprocessing = 0;
		};
		2ACCB65E1C6A8B5900082105 /* Sources */ = {
			isa = PBXSourcesBuildPhase;
			buildActionMask = 2147483647;
			files = (
				2ACCB6671C6A8B5900082105 /* PhotoFiltersTests.swift in Sources */,
			);
			runOnlyForDeploymentPostprocessing = 0;
		};
		2ACCB6691C6A8B5900082105 /* Sources */ = {
			isa = PBXSourcesBuildPhase;
			buildActionMask = 2147483647;
			files = (
				2ACCB6721C6A8B5900082105 /* PhotoFiltersUITests.swift in Sources */,
			);
			runOnlyForDeploymentPostprocessing = 0;
		};
/* End PBXSourcesBuildPhase section */

/* Begin PBXTargetDependency section */
		2ACCB6641C6A8B5900082105 /* PBXTargetDependency */ = {
			isa = PBXTargetDependency;
			target = 2ACCB64D1C6A8B5900082105 /* PhotoFilters */;
			targetProxy = 2ACCB6631C6A8B5900082105 /* PBXContainerItemProxy */;
		};
		2ACCB66F1C6A8B5900082105 /* PBXTargetDependency */ = {
			isa = PBXTargetDependency;
			target = 2ACCB64D1C6A8B5900082105 /* PhotoFilters */;
			targetProxy = 2ACCB66E1C6A8B5900082105 /* PBXContainerItemProxy */;
		};
/* End PBXTargetDependency section */

/* Begin PBXVariantGroup section */
		2ACCB6551C6A8B5900082105 /* Main.storyboard */ = {
			isa = PBXVariantGroup;
			children = (
				2ACCB6561C6A8B5900082105 /* Base */,
			);
			name = Main.storyboard;
			sourceTree = "<group>";
		};
		2ACCB65A1C6A8B5900082105 /* LaunchScreen.storyboard */ = {
			isa = PBXVariantGroup;
			children = (
				2ACCB65B1C6A8B5900082105 /* Base */,
			);
			name = LaunchScreen.storyboard;
			sourceTree = "<group>";
		};
/* End PBXVariantGroup section */

/* Begin XCBuildConfiguration section */
		2ACCB6741C6A8B5900082105 /* Debug */ = {
			isa = XCBuildConfiguration;
			buildSettings = {
				ALWAYS_SEARCH_USER_PATHS = NO;
				CLANG_CXX_LANGUAGE_STANDARD = "gnu++0x";
				CLANG_CXX_LIBRARY = "libc++";
				CLANG_ENABLE_MODULES = YES;
				CLANG_ENABLE_OBJC_ARC = YES;
				CLANG_WARN_BOOL_CONVERSION = YES;
				CLANG_WARN_CONSTANT_CONVERSION = YES;
				CLANG_WARN_DIRECT_OBJC_ISA_USAGE = YES_ERROR;
				CLANG_WARN_EMPTY_BODY = YES;
				CLANG_WARN_ENUM_CONVERSION = YES;
				CLANG_WARN_INT_CONVERSION = YES;
				CLANG_WARN_OBJC_ROOT_CLASS = YES_ERROR;
				CLANG_WARN_UNREACHABLE_CODE = YES;
				CLANG_WARN__DUPLICATE_METHOD_MATCH = YES;
				"CODE_SIGN_IDENTITY[sdk=iphoneos*]" = "iPhone Developer";
				COPY_PHASE_STRIP = NO;
				DEBUG_INFORMATION_FORMAT = dwarf;
				ENABLE_STRICT_OBJC_MSGSEND = YES;
				ENABLE_TESTABILITY = YES;
				GCC_C_LANGUAGE_STANDARD = gnu99;
				GCC_DYNAMIC_NO_PIC = NO;
				GCC_NO_COMMON_BLOCKS = YES;
				GCC_OPTIMIZATION_LEVEL = 0;
				GCC_PREPROCESSOR_DEFINITIONS = (
					"DEBUG=1",
					"$(inherited)",
				);
				GCC_WARN_64_TO_32_BIT_CONVERSION = YES;
				GCC_WARN_ABOUT_RETURN_TYPE = YES_ERROR;
				GCC_WARN_UNDECLARED_SELECTOR = YES;
				GCC_WARN_UNINITIALIZED_AUTOS = YES_AGGRESSIVE;
				GCC_WARN_UNUSED_FUNCTION = YES;
				GCC_WARN_UNUSED_VARIABLE = YES;
				IPHONEOS_DEPLOYMENT_TARGET = 9.2;
				MTL_ENABLE_DEBUG_INFO = YES;
				ONLY_ACTIVE_ARCH = YES;
				SDKROOT = iphoneos;
				SWIFT_OPTIMIZATION_LEVEL = "-Onone";
				TARGETED_DEVICE_FAMILY = "1,2";
			};
			name = Debug;
		};
		2ACCB6751C6A8B5900082105 /* Release */ = {
			isa = XCBuildConfiguration;
			buildSettings = {
				ALWAYS_SEARCH_USER_PATHS = NO;
				CLANG_CXX_LANGUAGE_STANDARD = "gnu++0x";
				CLANG_CXX_LIBRARY = "libc++";
				CLANG_ENABLE_MODULES = YES;
				CLANG_ENABLE_OBJC_ARC = YES;
				CLANG_WARN_BOOL_CONVERSION = YES;
				CLANG_WARN_CONSTANT_CONVERSION = YES;
				CLANG_WARN_DIRECT_OBJC_ISA_USAGE = YES_ERROR;
				CLANG_WARN_EMPTY_BODY = YES;
				CLANG_WARN_ENUM_CONVERSION = YES;
				CLANG_WARN_INT_CONVERSION = YES;
				CLANG_WARN_OBJC_ROOT_CLASS = YES_ERROR;
				CLANG_WARN_UNREACHABLE_CODE = YES;
				CLANG_WARN__DUPLICATE_METHOD_MATCH = YES;
				"CODE_SIGN_IDENTITY[sdk=iphoneos*]" = "iPhone Developer";
				COPY_PHASE_STRIP = NO;
				DEBUG_INFORMATION_FORMAT = "dwarf-with-dsym";
				ENABLE_NS_ASSERTIONS = NO;
				ENABLE_STRICT_OBJC_MSGSEND = YES;
				GCC_C_LANGUAGE_STANDARD = gnu99;
				GCC_NO_COMMON_BLOCKS = YES;
				GCC_WARN_64_TO_32_BIT_CONVERSION = YES;
				GCC_WARN_ABOUT_RETURN_TYPE = YES_ERROR;
				GCC_WARN_UNDECLARED_SELECTOR = YES;
				GCC_WARN_UNINITIALIZED_AUTOS = YES_AGGRESSIVE;
				GCC_WARN_UNUSED_FUNCTION = YES;
				GCC_WARN_UNUSED_VARIABLE = YES;
				IPHONEOS_DEPLOYMENT_TARGET = 9.2;
				MTL_ENABLE_DEBUG_INFO = NO;
				SDKROOT = iphoneos;
				TARGETED_DEVICE_FAMILY = "1,2";
				VALIDATE_PRODUCT = YES;
			};
			name = Release;
		};
		2ACCB6771C6A8B5900082105 /* Debug */ = {
			isa = XCBuildConfiguration;
			buildSettings = {
				ASSETCATALOG_COMPILER_APPICON_NAME = AppIcon;
				INFOPLIST_FILE = PhotoFilters/Info.plist;
				LD_RUNPATH_SEARCH_PATHS = "$(inherited) @executable_path/Frameworks";
				PRODUCT_BUNDLE_IDENTIFIER = com.labinterfaces.PhotoFilters;
				PRODUCT_NAME = "$(TARGET_NAME)";
			};
			name = Debug;
		};
		2ACCB6781C6A8B5900082105 /* Release */ = {
			isa = XCBuildConfiguration;
			buildSettings = {
				ASSETCATALOG_COMPILER_APPICON_NAME = AppIcon;
				INFOPLIST_FILE = PhotoFilters/Info.plist;
				LD_RUNPATH_SEARCH_PATHS = "$(inherited) @executable_path/Frameworks";
				PRODUCT_BUNDLE_IDENTIFIER = com.labinterfaces.PhotoFilters;
				PRODUCT_NAME = "$(TARGET_NAME)";
			};
			name = Release;
		};
		2ACCB67A1C6A8B5900082105 /* Debug */ = {
			isa = XCBuildConfiguration;
			buildSettings = {
				BUNDLE_LOADER = "$(TEST_HOST)";
				INFOPLIST_FILE = PhotoFiltersTests/Info.plist;
				LD_RUNPATH_SEARCH_PATHS = "$(inherited) @executable_path/Frameworks @loader_path/Frameworks";
				PRODUCT_BUNDLE_IDENTIFIER = com.labinterfaces.PhotoFiltersTests;
				PRODUCT_NAME = "$(TARGET_NAME)";
				TEST_HOST = "$(BUILT_PRODUCTS_DIR)/PhotoFilters.app/PhotoFilters";
			};
			name = Debug;
		};
		2ACCB67B1C6A8B5900082105 /* Release */ = {
			isa = XCBuildConfiguration;
			buildSettings = {
				BUNDLE_LOADER = "$(TEST_HOST)";
				INFOPLIST_FILE = PhotoFiltersTests/Info.plist;
				LD_RUNPATH_SEARCH_PATHS = "$(inherited) @executable_path/Frameworks @loader_path/Frameworks";
				PRODUCT_BUNDLE_IDENTIFIER = com.labinterfaces.PhotoFiltersTests;
				PRODUCT_NAME = "$(TARGET_NAME)";
				TEST_HOST = "$(BUILT_PRODUCTS_DIR)/PhotoFilters.app/PhotoFilters";
			};
			name = Release;
		};
		2ACCB67D1C6A8B5900082105 /* Debug */ = {
			isa = XCBuildConfiguration;
			buildSettings = {
				INFOPLIST_FILE = PhotoFiltersUITests/Info.plist;
				LD_RUNPATH_SEARCH_PATHS = "$(inherited) @executable_path/Frameworks @loader_path/Frameworks";
				PRODUCT_BUNDLE_IDENTIFIER = com.labinterfaces.PhotoFiltersUITests;
				PRODUCT_NAME = "$(TARGET_NAME)";
				TEST_TARGET_NAME = PhotoFilters;
				USES_XCTRUNNER = YES;
			};
			name = Debug;
		};
		2ACCB67E1C6A8B5900082105 /* Release */ = {
			isa = XCBuildConfiguration;
			buildSettings = {
				INFOPLIST_FILE = PhotoFiltersUITests/Info.plist;
				LD_RUNPATH_SEARCH_PATHS = "$(inherited) @executable_path/Frameworks @loader_path/Frameworks";
				PRODUCT_BUNDLE_IDENTIFIER = com.labinterfaces.PhotoFiltersUITests;
				PRODUCT_NAME = "$(TARGET_NAME)";
				TEST_TARGET_NAME = PhotoFilters;
				USES_XCTRUNNER = YES;
			};
			name = Release;
		};
/* End XCBuildConfiguration section */

/* Begin XCConfigurationList section */
		2ACCB6491C6A8B5900082105 /* Build configuration list for PBXProject "PhotoFilters" */ = {
			isa = XCConfigurationList;
			buildConfigurations = (
				2ACCB6741C6A8B5900082105 /* Debug */,
				2ACCB6751C6A8B5900082105 /* Release */,
			);
			defaultConfigurationIsVisible = 0;
			defaultConfigurationName = Release;
		};
		2ACCB6761C6A8B5900082105 /* Build configuration list for PBXNativeTarget "PhotoFilters" */ = {
			isa = XCConfigurationList;
			buildConfigurations = (
				2ACCB6771C6A8B5900082105 /* Debug */,
				2ACCB6781C6A8B5900082105 /* Release */,
			);
			defaultConfigurationIsVisible = 0;
		};
		2ACCB6791C6A8B5900082105 /* Build configuration list for PBXNativeTarget "PhotoFiltersTests" */ = {
			isa = XCConfigurationList;
			buildConfigurations = (
				2ACCB67A1C6A8B5900082105 /* Debug */,
				2ACCB67B1C6A8B5900082105 /* Release */,
			);
			defaultConfigurationIsVisible = 0;
		};
		2ACCB67C1C6A8B5900082105 /* Build configuration list for PBXNativeTarget "PhotoFiltersUITests" */ = {
			isa = XCConfigurationList;
			buildConfigurations = (
				2ACCB67D1C6A8B5900082105 /* Debug */,
				2ACCB67E1C6A8B5900082105 /* Release */,
			);
			defaultConfigurationIsVisible = 0;
		};
/* End XCConfigurationList section */
	};
	rootObject = 2ACCB6461C6A8B5900082105 /* Project object */;
}
